// !$*UTF8*$!
{
	archiveVersion = 1;
	classes = {
	};
	objectVersion = 48;
	objects = {

/* Begin PBXBuildFile section */
		087D00D8202FD20300096BAA /* Main.storyboard in Resources */ = {isa = PBXBuildFile; fileRef = 087D00D6202FD20300096BAA /* Main.storyboard */; };
		087D00DA202FD20300096BAA /* Assets.xcassets in Resources */ = {isa = PBXBuildFile; fileRef = 087D00D9202FD20300096BAA /* Assets.xcassets */; };
		087D00DD202FD20300096BAA /* LaunchScreen.storyboard in Resources */ = {isa = PBXBuildFile; fileRef = 087D00DB202FD20300096BAA /* LaunchScreen.storyboard */; };
		087D00E0202FD20300096BAA /* main.m in Sources */ = {isa = PBXBuildFile; fileRef = 087D00DF202FD20300096BAA /* main.m */; };
		087D00EA202FD20300096BAA /* WeatherCTRLTests.m in Sources */ = {isa = PBXBuildFile; fileRef = 087D00E9202FD20300096BAA /* WeatherCTRLTests.m */; };
		087D00F5202FD20300096BAA /* WeatherCTRLUITests.m in Sources */ = {isa = PBXBuildFile; fileRef = 087D00F4202FD20300096BAA /* WeatherCTRLUITests.m */; };
		088D72CF20310655006274B0 /* Settings.bundle in Resources */ = {isa = PBXBuildFile; fileRef = 088D72CE20310655006274B0 /* Settings.bundle */; };
		088D72D120310EC5006274B0 /* MapKit.framework in Frameworks */ = {isa = PBXBuildFile; fileRef = 088D72D020310EC5006274B0 /* MapKit.framework */; };
		088D732A20310FFC006274B0 /* CustomAnnotationView.m in Sources */ = {isa = PBXBuildFile; fileRef = 088D731520310FFA006274B0 /* CustomAnnotationView.m */; };
		088D732B20310FFC006274B0 /* HelperViewController.m in Sources */ = {isa = PBXBuildFile; fileRef = 088D731820310FFA006274B0 /* HelperViewController.m */; };
		088D732C20310FFC006274B0 /* CustomAnnotation.m in Sources */ = {isa = PBXBuildFile; fileRef = 088D731920310FFA006274B0 /* CustomAnnotation.m */; };
		088D732D20310FFC006274B0 /* CityViewController.m in Sources */ = {isa = PBXBuildFile; fileRef = 088D731A20310FFA006274B0 /* CityViewController.m */; };
		088D732E20310FFC006274B0 /* HomeViewController.m in Sources */ = {isa = PBXBuildFile; fileRef = 088D731B20310FFB006274B0 /* HomeViewController.m */; };
		088D732F20310FFC006274B0 /* Weather.m in Sources */ = {isa = PBXBuildFile; fileRef = 088D731D20310FFB006274B0 /* Weather.m */; };
		088D733020310FFC006274B0 /* LocationsViewController.m in Sources */ = {isa = PBXBuildFile; fileRef = 088D731E20310FFB006274B0 /* LocationsViewController.m */; };
		088D733120310FFC006274B0 /* AppDelegate.m in Sources */ = {isa = PBXBuildFile; fileRef = 088D731F20310FFB006274B0 /* AppDelegate.m */; };
		088D733220310FFC006274B0 /* ForecastViewCell.m in Sources */ = {isa = PBXBuildFile; fileRef = 088D732320310FFB006274B0 /* ForecastViewCell.m */; };
		088D733320310FFC006274B0 /* LocationTableViewCell.m in Sources */ = {isa = PBXBuildFile; fileRef = 088D732420310FFB006274B0 /* LocationTableViewCell.m */; };
		088D733420310FFC006274B0 /* Server.m in Sources */ = {isa = PBXBuildFile; fileRef = 088D732920310FFC006274B0 /* Server.m */; };
		088D733720311029006274B0 /* SettingsBundleHelper.m in Sources */ = {isa = PBXBuildFile; fileRef = 088D733520311029006274B0 /* SettingsBundleHelper.m */; };
/* End PBXBuildFile section */

/* Begin PBXContainerItemProxy section */
		087D00E6202FD20300096BAA /* PBXContainerItemProxy */ = {
			isa = PBXContainerItemProxy;
			containerPortal = 087D00C5202FD20300096BAA /* Project object */;
			proxyType = 1;
			remoteGlobalIDString = 087D00CC202FD20300096BAA;
			remoteInfo = WeatherCTRL;
		};
		087D00F1202FD20300096BAA /* PBXContainerItemProxy */ = {
			isa = PBXContainerItemProxy;
			containerPortal = 087D00C5202FD20300096BAA /* Project object */;
			proxyType = 1;
			remoteGlobalIDString = 087D00CC202FD20300096BAA;
			remoteInfo = WeatherCTRL;
		};
/* End PBXContainerItemProxy section */

/* Begin PBXFileReference section */
		087D00CD202FD20300096BAA /* WeatherCTRL.app */ = {isa = PBXFileReference; explicitFileType = wrapper.application; includeInIndex = 0; path = WeatherCTRL.app; sourceTree = BUILT_PRODUCTS_DIR; };
		087D00D7202FD20300096BAA /* Base */ = {isa = PBXFileReference; lastKnownFileType = file.storyboard; name = Base; path = Base.lproj/Main.storyboard; sourceTree = "<group>"; };
		087D00D9202FD20300096BAA /* Assets.xcassets */ = {isa = PBXFileReference; lastKnownFileType = folder.assetcatalog; path = Assets.xcassets; sourceTree = "<group>"; };
		087D00DC202FD20300096BAA /* Base */ = {isa = PBXFileReference; lastKnownFileType = file.storyboard; name = Base; path = Base.lproj/LaunchScreen.storyboard; sourceTree = "<group>"; };
		087D00DE202FD20300096BAA /* Info.plist */ = {isa = PBXFileReference; lastKnownFileType = text.plist.xml; path = Info.plist; sourceTree = "<group>"; };
		087D00DF202FD20300096BAA /* main.m */ = {isa = PBXFileReference; lastKnownFileType = sourcecode.c.objc; path = main.m; sourceTree = "<group>"; };
		087D00E5202FD20300096BAA /* WeatherCTRLTests.xctest */ = {isa = PBXFileReference; explicitFileType = wrapper.cfbundle; includeInIndex = 0; path = WeatherCTRLTests.xctest; sourceTree = BUILT_PRODUCTS_DIR; };
		087D00E9202FD20300096BAA /* WeatherCTRLTests.m */ = {isa = PBXFileReference; lastKnownFileType = sourcecode.c.objc; path = WeatherCTRLTests.m; sourceTree = "<group>"; };
		087D00EB202FD20300096BAA /* Info.plist */ = {isa = PBXFileReference; lastKnownFileType = text.plist.xml; path = Info.plist; sourceTree = "<group>"; };
		087D00F0202FD20300096BAA /* WeatherCTRLUITests.xctest */ = {isa = PBXFileReference; explicitFileType = wrapper.cfbundle; includeInIndex = 0; path = WeatherCTRLUITests.xctest; sourceTree = BUILT_PRODUCTS_DIR; };
		087D00F4202FD20300096BAA /* WeatherCTRLUITests.m */ = {isa = PBXFileReference; lastKnownFileType = sourcecode.c.objc; path = WeatherCTRLUITests.m; sourceTree = "<group>"; };
		087D00F6202FD20300096BAA /* Info.plist */ = {isa = PBXFileReference; lastKnownFileType = text.plist.xml; path = Info.plist; sourceTree = "<group>"; };
		088D72CE20310655006274B0 /* Settings.bundle */ = {isa = PBXFileReference; lastKnownFileType = "wrapper.plug-in"; name = Settings.bundle; path = "../../../Downloads/Weather-master 7/Weather/SettingsHandler/Settings.bundle"; sourceTree = "<group>"; };
		088D72D020310EC5006274B0 /* MapKit.framework */ = {isa = PBXFileReference; lastKnownFileType = wrapper.framework; name = MapKit.framework; path = System/Library/Frameworks/MapKit.framework; sourceTree = SDKROOT; };
		088D731420310FFA006274B0 /* CityViewController.h */ = {isa = PBXFileReference; fileEncoding = 4; lastKnownFileType = sourcecode.c.h; name = CityViewController.h; path = "../../../Downloads/Weather-master 8/Weather/ViewControllers/CityViewController.h"; sourceTree = "<group>"; };
		088D731520310FFA006274B0 /* CustomAnnotationView.m */ = {isa = PBXFileReference; fileEncoding = 4; lastKnownFileType = sourcecode.c.objc; name = CustomAnnotationView.m; path = "../../../Downloads/Weather-master 8/Weather/Custom View/CustomAnnotationView.m"; sourceTree = "<group>"; };
		088D731620310FFA006274B0 /* HelperViewController.h */ = {isa = PBXFileReference; fileEncoding = 4; lastKnownFileType = sourcecode.c.h; name = HelperViewController.h; path = "../../../Downloads/Weather-master 8/Weather/ViewControllers/HelperViewController.h"; sourceTree = "<group>"; };
		088D731720310FFA006274B0 /* CustomAnnotation.h */ = {isa = PBXFileReference; fileEncoding = 4; lastKnownFileType = sourcecode.c.h; name = CustomAnnotation.h; path = "../../../Downloads/Weather-master 8/Weather/Custom View/CustomAnnotation.h"; sourceTree = "<group>"; };
		088D731820310FFA006274B0 /* HelperViewController.m */ = {isa = PBXFileReference; fileEncoding = 4; lastKnownFileType = sourcecode.c.objc; name = HelperViewController.m; path = "../../../Downloads/Weather-master 8/Weather/ViewControllers/HelperViewController.m"; sourceTree = "<group>"; };
		088D731920310FFA006274B0 /* CustomAnnotation.m */ = {isa = PBXFileReference; fileEncoding = 4; lastKnownFileType = sourcecode.c.objc; name = CustomAnnotation.m; path = "../../../Downloads/Weather-master 8/Weather/Custom View/CustomAnnotation.m"; sourceTree = "<group>"; };
		088D731A20310FFA006274B0 /* CityViewController.m */ = {isa = PBXFileReference; fileEncoding = 4; lastKnownFileType = sourcecode.c.objc; name = CityViewController.m; path = "../../../Downloads/Weather-master 8/Weather/ViewControllers/CityViewController.m"; sourceTree = "<group>"; };
		088D731B20310FFB006274B0 /* HomeViewController.m */ = {isa = PBXFileReference; fileEncoding = 4; lastKnownFileType = sourcecode.c.objc; name = HomeViewController.m; path = "../../../Downloads/Weather-master 8/Weather/ViewControllers/HomeViewController.m"; sourceTree = "<group>"; };
		088D731C20310FFB006274B0 /* Weather.h */ = {isa = PBXFileReference; fileEncoding = 4; lastKnownFileType = sourcecode.c.h; name = Weather.h; path = "../../../Downloads/Weather-master 8/Weather/Model/Weather.h"; sourceTree = "<group>"; };
		088D731D20310FFB006274B0 /* Weather.m */ = {isa = PBXFileReference; fileEncoding = 4; lastKnownFileType = sourcecode.c.objc; name = Weather.m; path = "../../../Downloads/Weather-master 8/Weather/Model/Weather.m"; sourceTree = "<group>"; };
		088D731E20310FFB006274B0 /* LocationsViewController.m */ = {isa = PBXFileReference; fileEncoding = 4; lastKnownFileType = sourcecode.c.objc; name = LocationsViewController.m; path = "../../../Downloads/Weather-master 8/Weather/ViewControllers/LocationsViewController.m"; sourceTree = "<group>"; };
		088D731F20310FFB006274B0 /* AppDelegate.m */ = {isa = PBXFileReference; fileEncoding = 4; lastKnownFileType = sourcecode.c.objc; name = AppDelegate.m; path = "../../../Downloads/Weather-master 8/Weather/AppDelegate.m"; sourceTree = "<group>"; };
		088D732020310FFB006274B0 /* CustomAnnotationView.h */ = {isa = PBXFileReference; fileEncoding = 4; lastKnownFileType = sourcecode.c.h; name = CustomAnnotationView.h; path = "../../../Downloads/Weather-master 8/Weather/Custom View/CustomAnnotationView.h"; sourceTree = "<group>"; };
		088D732120310FFB006274B0 /* HomeViewController.h */ = {isa = PBXFileReference; fileEncoding = 4; lastKnownFileType = sourcecode.c.h; name = HomeViewController.h; path = "../../../Downloads/Weather-master 8/Weather/ViewControllers/HomeViewController.h"; sourceTree = "<group>"; };
		088D732220310FFB006274B0 /* LocationsViewController.h */ = {isa = PBXFileReference; fileEncoding = 4; lastKnownFileType = sourcecode.c.h; name = LocationsViewController.h; path = "../../../Downloads/Weather-master 8/Weather/ViewControllers/LocationsViewController.h"; sourceTree = "<group>"; };
		088D732320310FFB006274B0 /* ForecastViewCell.m */ = {isa = PBXFileReference; fileEncoding = 4; lastKnownFileType = sourcecode.c.objc; name = ForecastViewCell.m; path = "../../../Downloads/Weather-master 8/Weather/Custom View/ForecastViewCell.m"; sourceTree = "<group>"; };
		088D732420310FFB006274B0 /* LocationTableViewCell.m */ = {isa = PBXFileReference; fileEncoding = 4; lastKnownFileType = sourcecode.c.objc; name = LocationTableViewCell.m; path = "../../../Downloads/Weather-master 8/Weather/Custom View/LocationTableViewCell.m"; sourceTree = "<group>"; };
		088D732520310FFB006274B0 /* AppDelegate.h */ = {isa = PBXFileReference; fileEncoding = 4; lastKnownFileType = sourcecode.c.h; name = AppDelegate.h; path = "../../../Downloads/Weather-master 8/Weather/AppDelegate.h"; sourceTree = "<group>"; };
		088D732620310FFC006274B0 /* LocationTableViewCell.h */ = {isa = PBXFileReference; fileEncoding = 4; lastKnownFileType = sourcecode.c.h; name = LocationTableViewCell.h; path = "../../../Downloads/Weather-master 8/Weather/Custom View/LocationTableViewCell.h"; sourceTree = "<group>"; };
		088D732720310FFC006274B0 /* ForecastViewCell.h */ = {isa = PBXFileReference; fileEncoding = 4; lastKnownFileType = sourcecode.c.h; name = ForecastViewCell.h; path = "../../../Downloads/Weather-master 8/Weather/Custom View/ForecastViewCell.h"; sourceTree = "<group>"; };
		088D732820310FFC006274B0 /* Server.h */ = {isa = PBXFileReference; fileEncoding = 4; lastKnownFileType = sourcecode.c.h; name = Server.h; path = "../../../Downloads/Weather-master 8/Weather/Model/Server.h"; sourceTree = "<group>"; };
		088D732920310FFC006274B0 /* Server.m */ = {isa = PBXFileReference; fileEncoding = 4; lastKnownFileType = sourcecode.c.objc; name = Server.m; path = "../../../Downloads/Weather-master 8/Weather/Model/Server.m"; sourceTree = "<group>"; };
		088D733520311029006274B0 /* SettingsBundleHelper.m */ = {isa = PBXFileReference; fileEncoding = 4; lastKnownFileType = sourcecode.c.objc; name = SettingsBundleHelper.m; path = "../../../Downloads/Weather-master 8/Weather/SettingsHandler/SettingsBundleHelper.m"; sourceTree = "<group>"; };
		088D733620311029006274B0 /* SettingsBundleHelper.h */ = {isa = PBXFileReference; fileEncoding = 4; lastKnownFileType = sourcecode.c.h; name = SettingsBundleHelper.h; path = "../../../Downloads/Weather-master 8/Weather/SettingsHandler/SettingsBundleHelper.h"; sourceTree = "<group>"; };
/* End PBXFileReference section */

/* Begin PBXFrameworksBuildPhase section */
		087D00CA202FD20300096BAA /* Frameworks */ = {
			isa = PBXFrameworksBuildPhase;
			buildActionMask = 2147483647;
			files = (
				088D72D120310EC5006274B0 /* MapKit.framework in Frameworks */,
			);
			runOnlyForDeploymentPostprocessing = 0;
		};
		087D00E2202FD20300096BAA /* Frameworks */ = {
			isa = PBXFrameworksBuildPhase;
			buildActionMask = 2147483647;
			files = (
			);
			runOnlyForDeploymentPostprocessing = 0;
		};
		087D00ED202FD20300096BAA /* Frameworks */ = {
			isa = PBXFrameworksBuildPhase;
			buildActionMask = 2147483647;
			files = (
			);
			runOnlyForDeploymentPostprocessing = 0;
		};
/* End PBXFrameworksBuildPhase section */

/* Begin PBXGroup section */
		087D00C4202FD20300096BAA = {
			isa = PBXGroup;
			children = (
				087D00CF202FD20300096BAA /* WeatherCTRL */,
				087D00E8202FD20300096BAA /* WeatherCTRLTests */,
				087D00F3202FD20300096BAA /* WeatherCTRLUITests */,
				087D00CE202FD20300096BAA /* Products */,
				088D72D020310EC5006274B0 /* MapKit.framework */,
			);
			sourceTree = "<group>";
		};
		087D00CE202FD20300096BAA /* Products */ = {
			isa = PBXGroup;
			children = (
				087D00CD202FD20300096BAA /* WeatherCTRL.app */,
				087D00E5202FD20300096BAA /* WeatherCTRLTests.xctest */,
				087D00F0202FD20300096BAA /* WeatherCTRLUITests.xctest */,
			);
			name = Products;
			sourceTree = "<group>";
		};
		087D00CF202FD20300096BAA /* WeatherCTRL */ = {
			isa = PBXGroup;
			children = (
				088D732520310FFB006274B0 /* AppDelegate.h */,
				088D731F20310FFB006274B0 /* AppDelegate.m */,
				088D731420310FFA006274B0 /* CityViewController.h */,
				088D731A20310FFA006274B0 /* CityViewController.m */,
				088D731720310FFA006274B0 /* CustomAnnotation.h */,
				088D731920310FFA006274B0 /* CustomAnnotation.m */,
				088D732020310FFB006274B0 /* CustomAnnotationView.h */,
				088D731520310FFA006274B0 /* CustomAnnotationView.m */,
				088D732720310FFC006274B0 /* ForecastViewCell.h */,
				088D732320310FFB006274B0 /* ForecastViewCell.m */,
				088D731620310FFA006274B0 /* HelperViewController.h */,
				088D731820310FFA006274B0 /* HelperViewController.m */,
				088D732120310FFB006274B0 /* HomeViewController.h */,
				088D731B20310FFB006274B0 /* HomeViewController.m */,
				088D732220310FFB006274B0 /* LocationsViewController.h */,
				088D731E20310FFB006274B0 /* LocationsViewController.m */,
				088D732620310FFC006274B0 /* LocationTableViewCell.h */,
				088D732420310FFB006274B0 /* LocationTableViewCell.m */,
				088D733620311029006274B0 /* SettingsBundleHelper.h */,
				088D733520311029006274B0 /* SettingsBundleHelper.m */,
				088D732820310FFC006274B0 /* Server.h */,
				088D72CE20310655006274B0 /* Settings.bundle */,
				088D732920310FFC006274B0 /* Server.m */,
				088D731C20310FFB006274B0 /* Weather.h */,
				088D731D20310FFB006274B0 /* Weather.m */,
				087D00D6202FD20300096BAA /* Main.storyboard */,
				087D00D9202FD20300096BAA /* Assets.xcassets */,
				087D00DB202FD20300096BAA /* LaunchScreen.storyboard */,
				087D00DE202FD20300096BAA /* Info.plist */,
				087D00DF202FD20300096BAA /* main.m */,
			);
			path = WeatherCTRL;
			sourceTree = "<group>";
		};
		087D00E8202FD20300096BAA /* WeatherCTRLTests */ = {
			isa = PBXGroup;
			children = (
				087D00E9202FD20300096BAA /* WeatherCTRLTests.m */,
				087D00EB202FD20300096BAA /* Info.plist */,
			);
			path = WeatherCTRLTests;
			sourceTree = "<group>";
		};
		087D00F3202FD20300096BAA /* WeatherCTRLUITests */ = {
			isa = PBXGroup;
			children = (
				087D00F4202FD20300096BAA /* WeatherCTRLUITests.m */,
				087D00F6202FD20300096BAA /* Info.plist */,
			);
			path = WeatherCTRLUITests;
			sourceTree = "<group>";
		};
/* End PBXGroup section */

/* Begin PBXNativeTarget section */
		087D00CC202FD20300096BAA /* WeatherCTRL */ = {
			isa = PBXNativeTarget;
			buildConfigurationList = 087D00F9202FD20300096BAA /* Build configuration list for PBXNativeTarget "WeatherCTRL" */;
			buildPhases = (
				087D00C9202FD20300096BAA /* Sources */,
				087D00CA202FD20300096BAA /* Frameworks */,
				087D00CB202FD20300096BAA /* Resources */,
			);
			buildRules = (
			);
			dependencies = (
			);
			name = WeatherCTRL;
			productName = WeatherCTRL;
			productReference = 087D00CD202FD20300096BAA /* WeatherCTRL.app */;
			productType = "com.apple.product-type.application";
		};
		087D00E4202FD20300096BAA /* WeatherCTRLTests */ = {
			isa = PBXNativeTarget;
			buildConfigurationList = 087D00FC202FD20300096BAA /* Build configuration list for PBXNativeTarget "WeatherCTRLTests" */;
			buildPhases = (
				087D00E1202FD20300096BAA /* Sources */,
				087D00E2202FD20300096BAA /* Frameworks */,
				087D00E3202FD20300096BAA /* Resources */,
			);
			buildRules = (
			);
			dependencies = (
				087D00E7202FD20300096BAA /* PBXTargetDependency */,
			);
			name = WeatherCTRLTests;
			productName = WeatherCTRLTests;
			productReference = 087D00E5202FD20300096BAA /* WeatherCTRLTests.xctest */;
			productType = "com.apple.product-type.bundle.unit-test";
		};
		087D00EF202FD20300096BAA /* WeatherCTRLUITests */ = {
			isa = PBXNativeTarget;
			buildConfigurationList = 087D00FF202FD20300096BAA /* Build configuration list for PBXNativeTarget "WeatherCTRLUITests" */;
			buildPhases = (
				087D00EC202FD20300096BAA /* Sources */,
				087D00ED202FD20300096BAA /* Frameworks */,
				087D00EE202FD20300096BAA /* Resources */,
			);
			buildRules = (
			);
			dependencies = (
				087D00F2202FD20300096BAA /* PBXTargetDependency */,
			);
			name = WeatherCTRLUITests;
			productName = WeatherCTRLUITests;
			productReference = 087D00F0202FD20300096BAA /* WeatherCTRLUITests.xctest */;
			productType = "com.apple.product-type.bundle.ui-testing";
		};
/* End PBXNativeTarget section */

/* Begin PBXProject section */
		087D00C5202FD20300096BAA /* Project object */ = {
			isa = PBXProject;
			attributes = {
				LastUpgradeCheck = 0920;
				ORGANIZATIONNAME = "Vishnu Deep Samikeri";
				TargetAttributes = {
					087D00CC202FD20300096BAA = {
						CreatedOnToolsVersion = 9.2;
						ProvisioningStyle = Automatic;
					};
					087D00E4202FD20300096BAA = {
						CreatedOnToolsVersion = 9.2;
						ProvisioningStyle = Automatic;
						TestTargetID = 087D00CC202FD20300096BAA;
					};
					087D00EF202FD20300096BAA = {
						CreatedOnToolsVersion = 9.2;
						ProvisioningStyle = Automatic;
						TestTargetID = 087D00CC202FD20300096BAA;
					};
				};
			};
			buildConfigurationList = 087D00C8202FD20300096BAA /* Build configuration list for PBXProject "WeatherCTRL" */;
			compatibilityVersion = "Xcode 8.0";
			developmentRegion = en;
			hasScannedForEncodings = 0;
			knownRegions = (
				en,
				Base,
			);
			mainGroup = 087D00C4202FD20300096BAA;
			productRefGroup = 087D00CE202FD20300096BAA /* Products */;
			projectDirPath = "";
			projectRoot = "";
			targets = (
				087D00CC202FD20300096BAA /* WeatherCTRL */,
				087D00E4202FD20300096BAA /* WeatherCTRLTests */,
				087D00EF202FD20300096BAA /* WeatherCTRLUITests */,
			);
		};
/* End PBXProject section */

/* Begin PBXResourcesBuildPhase section */
		087D00CB202FD20300096BAA /* Resources */ = {
			isa = PBXResourcesBuildPhase;
			buildActionMask = 2147483647;
			files = (
				088D72CF20310655006274B0 /* Settings.bundle in Resources */,
				087D00DD202FD20300096BAA /* LaunchScreen.storyboard in Resources */,
				087D00DA202FD20300096BAA /* Assets.xcassets in Resources */,
				087D00D8202FD20300096BAA /* Main.storyboard in Resources */,
			);
			runOnlyForDeploymentPostprocessing = 0;
		};
		087D00E3202FD20300096BAA /* Resources */ = {
			isa = PBXResourcesBuildPhase;
			buildActionMask = 2147483647;
			files = (
			);
			runOnlyForDeploymentPostprocessing = 0;
		};
		087D00EE202FD20300096BAA /* Resources */ = {
			isa = PBXResourcesBuildPhase;
			buildActionMask = 2147483647;
			files = (
			);
			runOnlyForDeploymentPostprocessing = 0;
		};
/* End PBXResourcesBuildPhase section */

/* Begin PBXSourcesBuildPhase section */
		087D00C9202FD20300096BAA /* Sources */ = {
			isa = PBXSourcesBuildPhase;
			buildActionMask = 2147483647;
			files = (
				088D732A20310FFC006274B0 /* CustomAnnotationView.m in Sources */,
				088D733220310FFC006274B0 /* ForecastViewCell.m in Sources */,
				087D00E0202FD20300096BAA /* main.m in Sources */,
				088D733120310FFC006274B0 /* AppDelegate.m in Sources */,
				088D732F20310FFC006274B0 /* Weather.m in Sources */,
				088D732D20310FFC006274B0 /* CityViewController.m in Sources */,
				088D732B20310FFC006274B0 /* HelperViewController.m in Sources */,
				088D732C20310FFC006274B0 /* CustomAnnotation.m in Sources */,
				088D732E20310FFC006274B0 /* HomeViewController.m in Sources */,
				088D733320310FFC006274B0 /* LocationTableViewCell.m in Sources */,
				088D733420310FFC006274B0 /* Server.m in Sources */,
				088D733720311029006274B0 /* SettingsBundleHelper.m in Sources */,
				088D733020310FFC006274B0 /* LocationsViewController.m in Sources */,
			);
			runOnlyForDeploymentPostprocessing = 0;
		};
		087D00E1202FD20300096BAA /* Sources */ = {
			isa = PBXSourcesBuildPhase;
			buildActionMask = 2147483647;
			files = (
				087D00EA202FD20300096BAA /* WeatherCTRLTests.m in Sources */,
			);
			runOnlyForDeploymentPostprocessing = 0;
		};
		087D00EC202FD20300096BAA /* Sources */ = {
			isa = PBXSourcesBuildPhase;
			buildActionMask = 2147483647;
			files = (
				087D00F5202FD20300096BAA /* WeatherCTRLUITests.m in Sources */,
			);
			runOnlyForDeploymentPostprocessing = 0;
		};
/* End PBXSourcesBuildPhase section */

/* Begin PBXTargetDependency section */
		087D00E7202FD20300096BAA /* PBXTargetDependency */ = {
			isa = PBXTargetDependency;
			target = 087D00CC202FD20300096BAA /* WeatherCTRL */;
			targetProxy = 087D00E6202FD20300096BAA /* PBXContainerItemProxy */;
		};
		087D00F2202FD20300096BAA /* PBXTargetDependency */ = {
			isa = PBXTargetDependency;
			target = 087D00CC202FD20300096BAA /* WeatherCTRL */;
			targetProxy = 087D00F1202FD20300096BAA /* PBXContainerItemProxy */;
		};
/* End PBXTargetDependency section */

/* Begin PBXVariantGroup section */
		087D00D6202FD20300096BAA /* Main.storyboard */ = {
			isa = PBXVariantGroup;
			children = (
				087D00D7202FD20300096BAA /* Base */,
			);
			name = Main.storyboard;
			sourceTree = "<group>";
		};
		087D00DB202FD20300096BAA /* LaunchScreen.storyboard */ = {
			isa = PBXVariantGroup;
			children = (
				087D00DC202FD20300096BAA /* Base */,
			);
			name = LaunchScreen.storyboard;
			sourceTree = "<group>";
		};
/* End PBXVariantGroup section */

/* Begin XCBuildConfiguration section */
		087D00F7202FD20300096BAA /* Debug */ = {
			isa = XCBuildConfiguration;
			buildSettings = {
				ALWAYS_SEARCH_USER_PATHS = NO;
				CLANG_ANALYZER_NONNULL = YES;
				CLANG_ANALYZER_NUMBER_OBJECT_CONVERSION = YES_AGGRESSIVE;
				CLANG_CXX_LANGUAGE_STANDARD = "gnu++14";
				CLANG_CXX_LIBRARY = "libc++";
				CLANG_ENABLE_MODULES = YES;
				CLANG_ENABLE_OBJC_ARC = YES;
				CLANG_WARN_BLOCK_CAPTURE_AUTORELEASING = YES;
				CLANG_WARN_BOOL_CONVERSION = YES;
				CLANG_WARN_COMMA = YES;
				CLANG_WARN_CONSTANT_CONVERSION = YES;
				CLANG_WARN_DIRECT_OBJC_ISA_USAGE = YES_ERROR;
				CLANG_WARN_DOCUMENTATION_COMMENTS = YES;
				CLANG_WARN_EMPTY_BODY = YES;
				CLANG_WARN_ENUM_CONVERSION = YES;
				CLANG_WARN_INFINITE_RECURSION = YES;
				CLANG_WARN_INT_CONVERSION = YES;
				CLANG_WARN_NON_LITERAL_NULL_CONVERSION = YES;
				CLANG_WARN_OBJC_LITERAL_CONVERSION = YES;
				CLANG_WARN_OBJC_ROOT_CLASS = YES_ERROR;
				CLANG_WARN_RANGE_LOOP_ANALYSIS = YES;
				CLANG_WARN_STRICT_PROTOTYPES = YES;
				CLANG_WARN_SUSPICIOUS_MOVE = YES;
				CLANG_WARN_UNGUARDED_AVAILABILITY = YES_AGGRESSIVE;
				CLANG_WARN_UNREACHABLE_CODE = YES;
				CLANG_WARN__DUPLICATE_METHOD_MATCH = YES;
				CODE_SIGN_IDENTITY = "iPhone Developer";
				COPY_PHASE_STRIP = NO;
				DEBUG_INFORMATION_FORMAT = dwarf;
				ENABLE_STRICT_OBJC_MSGSEND = YES;
				ENABLE_TESTABILITY = YES;
				GCC_C_LANGUAGE_STANDARD = gnu11;
				GCC_DYNAMIC_NO_PIC = NO;
				GCC_NO_COMMON_BLOCKS = YES;
				GCC_OPTIMIZATION_LEVEL = 0;
				GCC_PREPROCESSOR_DEFINITIONS = (
					"DEBUG=1",
					"$(inherited)",
				);
				GCC_WARN_64_TO_32_BIT_CONVERSION = YES;
				GCC_WARN_ABOUT_RETURN_TYPE = YES_ERROR;
				GCC_WARN_UNDECLARED_SELECTOR = YES;
				GCC_WARN_UNINITIALIZED_AUTOS = YES_AGGRESSIVE;
				GCC_WARN_UNUSED_FUNCTION = YES;
				GCC_WARN_UNUSED_VARIABLE = YES;
				IPHONEOS_DEPLOYMENT_TARGET = 11.2;
				MTL_ENABLE_DEBUG_INFO = YES;
				ONLY_ACTIVE_ARCH = YES;
				SDKROOT = iphoneos;
			};
			name = Debug;
		};
		087D00F8202FD20300096BAA /* Release */ = {
			isa = XCBuildConfiguration;
			buildSettings = {
				ALWAYS_SEARCH_USER_PATHS = NO;
				CLANG_ANALYZER_NONNULL = YES;
				CLANG_ANALYZER_NUMBER_OBJECT_CONVERSION = YES_AGGRESSIVE;
				CLANG_CXX_LANGUAGE_STANDARD = "gnu++14";
				CLANG_CXX_LIBRARY = "libc++";
				CLANG_ENABLE_MODULES = YES;
				CLANG_ENABLE_OBJC_ARC = YES;
				CLANG_WARN_BLOCK_CAPTURE_AUTORELEASING = YES;
				CLANG_WARN_BOOL_CONVERSION = YES;
				CLANG_WARN_COMMA = YES;
				CLANG_WARN_CONSTANT_CONVERSION = YES;
				CLANG_WARN_DIRECT_OBJC_ISA_USAGE = YES_ERROR;
				CLANG_WARN_DOCUMENTATION_COMMENTS = YES;
				CLANG_WARN_EMPTY_BODY = YES;
				CLANG_WARN_ENUM_CONVERSION = YES;
				CLANG_WARN_INFINITE_RECURSION = YES;
				CLANG_WARN_INT_CONVERSION = YES;
				CLANG_WARN_NON_LITERAL_NULL_CONVERSION = YES;
				CLANG_WARN_OBJC_LITERAL_CONVERSION = YES;
				CLANG_WARN_OBJC_ROOT_CLASS = YES_ERROR;
				CLANG_WARN_RANGE_LOOP_ANALYSIS = YES;
				CLANG_WARN_STRICT_PROTOTYPES = YES;
				CLANG_WARN_SUSPICIOUS_MOVE = YES;
				CLANG_WARN_UNGUARDED_AVAILABILITY = YES_AGGRESSIVE;
				CLANG_WARN_UNREACHABLE_CODE = YES;
				CLANG_WARN__DUPLICATE_METHOD_MATCH = YES;
				CODE_SIGN_IDENTITY = "iPhone Developer";
				COPY_PHASE_STRIP = NO;
				DEBUG_INFORMATION_FORMAT = "dwarf-with-dsym";
				ENABLE_NS_ASSERTIONS = NO;
				ENABLE_STRICT_OBJC_MSGSEND = YES;
				GCC_C_LANGUAGE_STANDARD = gnu11;
				GCC_NO_COMMON_BLOCKS = YES;
				GCC_WARN_64_TO_32_BIT_CONVERSION = YES;
				GCC_WARN_ABOUT_RETURN_TYPE = YES_ERROR;
				GCC_WARN_UNDECLARED_SELECTOR = YES;
				GCC_WARN_UNINITIALIZED_AUTOS = YES_AGGRESSIVE;
				GCC_WARN_UNUSED_FUNCTION = YES;
				GCC_WARN_UNUSED_VARIABLE = YES;
				IPHONEOS_DEPLOYMENT_TARGET = 11.2;
				MTL_ENABLE_DEBUG_INFO = NO;
				SDKROOT = iphoneos;
				VALIDATE_PRODUCT = YES;
			};
			name = Release;
		};
		087D00FA202FD20300096BAA /* Debug */ = {
			isa = XCBuildConfiguration;
			buildSettings = {
				CODE_SIGN_STYLE = Automatic;
				DEVELOPMENT_TEAM = S4NUC58L8K;
				INFOPLIST_FILE = WeatherCTRL/Info.plist;
				LD_RUNPATH_SEARCH_PATHS = "$(inherited) @executable_path/Frameworks";
				PRODUCT_BUNDLE_IDENTIFIER = com.poc.vishnu.WeatherCTRL;
				PRODUCT_NAME = "$(TARGET_NAME)";
				TARGETED_DEVICE_FAMILY = "1,2";
			};
			name = Debug;
		};
		087D00FB202FD20300096BAA /* Release */ = {
			isa = XCBuildConfiguration;
			buildSettings = {
				CODE_SIGN_STYLE = Automatic;
				DEVELOPMENT_TEAM = S4NUC58L8K;
				INFOPLIST_FILE = WeatherCTRL/Info.plist;
				LD_RUNPATH_SEARCH_PATHS = "$(inherited) @executable_path/Frameworks";
				PRODUCT_BUNDLE_IDENTIFIER = com.poc.vishnu.WeatherCTRL;
				PRODUCT_NAME = "$(TARGET_NAME)";
				TARGETED_DEVICE_FAMILY = "1,2";
			};
			name = Release;
		};
		087D00FD202FD20300096BAA /* Debug */ = {
			isa = XCBuildConfiguration;
			buildSettings = {
				BUNDLE_LOADER = "$(TEST_HOST)";
				CODE_SIGN_STYLE = Automatic;
				INFOPLIST_FILE = WeatherCTRLTests/Info.plist;
				LD_RUNPATH_SEARCH_PATHS = "$(inherited) @executable_path/Frameworks @loader_path/Frameworks";
				PRODUCT_BUNDLE_IDENTIFIER = com.poc.vishnu.WeatherCTRLTests;
				PRODUCT_NAME = "$(TARGET_NAME)";
				TARGETED_DEVICE_FAMILY = "1,2";
				TEST_HOST = "$(BUILT_PRODUCTS_DIR)/WeatherCTRL.app/WeatherCTRL";
			};
			name = Debug;
		};
		087D00FE202FD20300096BAA /* Release */ = {
			isa = XCBuildConfiguration;
			buildSettings = {
				BUNDLE_LOADER = "$(TEST_HOST)";
				CODE_SIGN_STYLE = Automatic;
				INFOPLIST_FILE = WeatherCTRLTests/Info.plist;
				LD_RUNPATH_SEARCH_PATHS = "$(inherited) @executable_path/Frameworks @loader_path/Frameworks";
				PRODUCT_BUNDLE_IDENTIFIER = com.poc.vishnu.WeatherCTRLTests;
				PRODUCT_NAME = "$(TARGET_NAME)";
				TARGETED_DEVICE_FAMILY = "1,2";
				TEST_HOST = "$(BUILT_PRODUCTS_DIR)/WeatherCTRL.app/WeatherCTRL";
			};
			name = Release;
		};
		087D0100202FD20300096BAA /* Debug */ = {
			isa = XCBuildConfiguration;
			buildSettings = {
				CODE_SIGN_STYLE = Automatic;
				INFOPLIST_FILE = WeatherCTRLUITests/Info.plist;
				LD_RUNPATH_SEARCH_PATHS = "$(inherited) @executable_path/Frameworks @loader_path/Frameworks";
				PRODUCT_BUNDLE_IDENTIFIER = com.poc.vishnu.WeatherCTRLUITests;
				PRODUCT_NAME = "$(TARGET_NAME)";
				TARGETED_DEVICE_FAMILY = "1,2";
				TEST_TARGET_NAME = WeatherCTRL;
			};
			name = Debug;
		};
		087D0101202FD20300096BAA /* Release */ = {
			isa = XCBuildConfiguration;
			buildSettings = {
				CODE_SIGN_STYLE = Automatic;
				INFOPLIST_FILE = WeatherCTRLUITests/Info.plist;
				LD_RUNPATH_SEARCH_PATHS = "$(inherited) @executable_path/Frameworks @loader_path/Frameworks";
				PRODUCT_BUNDLE_IDENTIFIER = com.poc.vishnu.WeatherCTRLUITests;
				PRODUCT_NAME = "$(TARGET_NAME)";
				TARGETED_DEVICE_FAMILY = "1,2";
				TEST_TARGET_NAME = WeatherCTRL;
			};
			name = Release;
		};
/* End XCBuildConfiguration section */

/* Begin XCConfigurationList section */
		087D00C8202FD20300096BAA /* Build configuration list for PBXProject "WeatherCTRL" */ = {
			isa = XCConfigurationList;
			buildConfigurations = (
				087D00F7202FD20300096BAA /* Debug */,
				087D00F8202FD20300096BAA /* Release */,
			);
			defaultConfigurationIsVisible = 0;
			defaultConfigurationName = Release;
		};
		087D00F9202FD20300096BAA /* Build configuration list for PBXNativeTarget "WeatherCTRL" */ = {
			isa = XCConfigurationList;
			buildConfigurations = (
				087D00FA202FD20300096BAA /* Debug */,
				087D00FB202FD20300096BAA /* Release */,
			);
			defaultConfigurationIsVisible = 0;
			defaultConfigurationName = Release;
		};
		087D00FC202FD20300096BAA /* Build configuration list for PBXNativeTarget "WeatherCTRLTests" */ = {
			isa = XCConfigurationList;
			buildConfigurations = (
				087D00FD202FD20300096BAA /* Debug */,
				087D00FE202FD20300096BAA /* Release */,
			);
			defaultConfigurationIsVisible = 0;
			defaultConfigurationName = Release;
		};
		087D00FF202FD20300096BAA /* Build configuration list for PBXNativeTarget "WeatherCTRLUITests" */ = {
			isa = XCConfigurationList;
			buildConfigurations = (
				087D0100202FD20300096BAA /* Debug */,
				087D0101202FD20300096BAA /* Release */,
			);
			defaultConfigurationIsVisible = 0;
			defaultConfigurationName = Release;
		};
/* End XCConfigurationList section */
	};
	rootObject = 087D00C5202FD20300096BAA /* Project object */;
}
